// !$*UTF8*$!
{
	archiveVersion = 1;
	classes = {
	};
	objectVersion = 46;
	objects = {

/* Begin PBXBuildFile section */
		BC60CE2C1CD2AB56007FF4F2 /* AppDelegate.swift in Sources */ = {isa = PBXBuildFile; fileRef = BC60CE2B1CD2AB56007FF4F2 /* AppDelegate.swift */; };
		BC60CE2E1CD2AB56007FF4F2 /* ViewController.swift in Sources */ = {isa = PBXBuildFile; fileRef = BC60CE2D1CD2AB56007FF4F2 /* ViewController.swift */; };
		BC60CE311CD2AB56007FF4F2 /* Main.storyboard in Resources */ = {isa = PBXBuildFile; fileRef = BC60CE2F1CD2AB56007FF4F2 /* Main.storyboard */; };
		BC60CE331CD2AB56007FF4F2 /* Assets.xcassets in Resources */ = {isa = PBXBuildFile; fileRef = BC60CE321CD2AB56007FF4F2 /* Assets.xcassets */; };
		BC60CE361CD2AB56007FF4F2 /* LaunchScreen.storyboard in Resources */ = {isa = PBXBuildFile; fileRef = BC60CE341CD2AB56007FF4F2 /* LaunchScreen.storyboard */; };
		BC60CE411CD2AB57007FF4F2 /* ShakeAndBakeTests.swift in Sources */ = {isa = PBXBuildFile; fileRef = BC60CE401CD2AB57007FF4F2 /* ShakeAndBakeTests.swift */; };
		BC60CE4C1CD2AB57007FF4F2 /* ShakeAndBakeUITests.swift in Sources */ = {isa = PBXBuildFile; fileRef = BC60CE4B1CD2AB57007FF4F2 /* ShakeAndBakeUITests.swift */; };
		BC60CE5A1CD2C710007FF4F2 /* glass.wav in Resources */ = {isa = PBXBuildFile; fileRef = BC60CE591CD2C710007FF4F2 /* glass.wav */; };
/* End PBXBuildFile section */

/* Begin PBXContainerItemProxy section */
		BC60CE3D1CD2AB57007FF4F2 /* PBXContainerItemProxy */ = {
			isa = PBXContainerItemProxy;
			containerPortal = BC60CE201CD2AB56007FF4F2 /* Project object */;
			proxyType = 1;
			remoteGlobalIDString = BC60CE271CD2AB56007FF4F2;
			remoteInfo = ShakeAndBake;
		};
		BC60CE481CD2AB57007FF4F2 /* PBXContainerItemProxy */ = {
			isa = PBXContainerItemProxy;
			containerPortal = BC60CE201CD2AB56007FF4F2 /* Project object */;
			proxyType = 1;
			remoteGlobalIDString = BC60CE271CD2AB56007FF4F2;
			remoteInfo = ShakeAndBake;
		};
/* End PBXContainerItemProxy section */

/* Begin PBXFileReference section */
		BC60CE281CD2AB56007FF4F2 /* ShakeAndBake.app */ = {isa = PBXFileReference; explicitFileType = wrapper.application; includeInIndex = 0; path = ShakeAndBake.app; sourceTree = BUILT_PRODUCTS_DIR; };
		BC60CE2B1CD2AB56007FF4F2 /* AppDelegate.swift */ = {isa = PBXFileReference; lastKnownFileType = sourcecode.swift; path = AppDelegate.swift; sourceTree = "<group>"; };
		BC60CE2D1CD2AB56007FF4F2 /* ViewController.swift */ = {isa = PBXFileReference; lastKnownFileType = sourcecode.swift; path = ViewController.swift; sourceTree = "<group>"; };
		BC60CE301CD2AB56007FF4F2 /* Base */ = {isa = PBXFileReference; lastKnownFileType = file.storyboard; name = Base; path = Base.lproj/Main.storyboard; sourceTree = "<group>"; };
		BC60CE321CD2AB56007FF4F2 /* Assets.xcassets */ = {isa = PBXFileReference; lastKnownFileType = folder.assetcatalog; path = Assets.xcassets; sourceTree = "<group>"; };
		BC60CE351CD2AB56007FF4F2 /* Base */ = {isa = PBXFileReference; lastKnownFileType = file.storyboard; name = Base; path = Base.lproj/LaunchScreen.storyboard; sourceTree = "<group>"; };
		BC60CE371CD2AB56007FF4F2 /* Info.plist */ = {isa = PBXFileReference; lastKnownFileType = text.plist.xml; path = Info.plist; sourceTree = "<group>"; };
		BC60CE3C1CD2AB57007FF4F2 /* ShakeAndBakeTests.xctest */ = {isa = PBXFileReference; explicitFileType = wrapper.cfbundle; includeInIndex = 0; path = ShakeAndBakeTests.xctest; sourceTree = BUILT_PRODUCTS_DIR; };
		BC60CE401CD2AB57007FF4F2 /* ShakeAndBakeTests.swift */ = {isa = PBXFileReference; lastKnownFileType = sourcecode.swift; path = ShakeAndBakeTests.swift; sourceTree = "<group>"; };
		BC60CE421CD2AB57007FF4F2 /* Info.plist */ = {isa = PBXFileReference; lastKnownFileType = text.plist.xml; path = Info.plist; sourceTree = "<group>"; };
		BC60CE471CD2AB57007FF4F2 /* ShakeAndBakeUITests.xctest */ = {isa = PBXFileReference; explicitFileType = wrapper.cfbundle; includeInIndex = 0; path = ShakeAndBakeUITests.xctest; sourceTree = BUILT_PRODUCTS_DIR; };
		BC60CE4B1CD2AB57007FF4F2 /* ShakeAndBakeUITests.swift */ = {isa = PBXFileReference; lastKnownFileType = sourcecode.swift; path = ShakeAndBakeUITests.swift; sourceTree = "<group>"; };
		BC60CE4D1CD2AB57007FF4F2 /* Info.plist */ = {isa = PBXFileReference; lastKnownFileType = text.plist.xml; path = Info.plist; sourceTree = "<group>"; };
		BC60CE591CD2C710007FF4F2 /* glass.wav */ = {isa = PBXFileReference; lastKnownFileType = audio.wav; path = glass.wav; sourceTree = "<group>"; };
/* End PBXFileReference section */

/* Begin PBXFrameworksBuildPhase section */
		BC60CE251CD2AB56007FF4F2 /* Frameworks */ = {
			isa = PBXFrameworksBuildPhase;
			buildActionMask = 2147483647;
			files = (
			);
			runOnlyForDeploymentPostprocessing = 0;
		};
		BC60CE391CD2AB57007FF4F2 /* Frameworks */ = {
			isa = PBXFrameworksBuildPhase;
			buildActionMask = 2147483647;
			files = (
			);
			runOnlyForDeploymentPostprocessing = 0;
		};
		BC60CE441CD2AB57007FF4F2 /* Frameworks */ = {
			isa = PBXFrameworksBuildPhase;
			buildActionMask = 2147483647;
			files = (
			);
			runOnlyForDeploymentPostprocessing = 0;
		};
/* End PBXFrameworksBuildPhase section */

/* Begin PBXGroup section */
		BC60CE1F1CD2AB56007FF4F2 = {
			isa = PBXGroup;
			children = (
				BC60CE2A1CD2AB56007FF4F2 /* ShakeAndBake */,
				BC60CE3F1CD2AB57007FF4F2 /* ShakeAndBakeTests */,
				BC60CE4A1CD2AB57007FF4F2 /* ShakeAndBakeUITests */,
				BC60CE291CD2AB56007FF4F2 /* Products */,
			);
			sourceTree = "<group>";
		};
		BC60CE291CD2AB56007FF4F2 /* Products */ = {
			isa = PBXGroup;
			children = (
				BC60CE281CD2AB56007FF4F2 /* ShakeAndBake.app */,
				BC60CE3C1CD2AB57007FF4F2 /* ShakeAndBakeTests.xctest */,
				BC60CE471CD2AB57007FF4F2 /* ShakeAndBakeUITests.xctest */,
			);
			name = Products;
			sourceTree = "<group>";
		};
		BC60CE2A1CD2AB56007FF4F2 /* ShakeAndBake */ = {
			isa = PBXGroup;
			children = (
				BC60CE591CD2C710007FF4F2 /* glass.wav */,
				BC60CE2B1CD2AB56007FF4F2 /* AppDelegate.swift */,
				BC60CE2D1CD2AB56007FF4F2 /* ViewController.swift */,
				BC60CE2F1CD2AB56007FF4F2 /* Main.storyboard */,
				BC60CE321CD2AB56007FF4F2 /* Assets.xcassets */,
				BC60CE341CD2AB56007FF4F2 /* LaunchScreen.storyboard */,
				BC60CE371CD2AB56007FF4F2 /* Info.plist */,
			);
			path = ShakeAndBake;
			sourceTree = "<group>";
		};
		BC60CE3F1CD2AB57007FF4F2 /* ShakeAndBakeTests */ = {
			isa = PBXGroup;
			children = (
				BC60CE401CD2AB57007FF4F2 /* ShakeAndBakeTests.swift */,
				BC60CE421CD2AB57007FF4F2 /* Info.plist */,
			);
			path = ShakeAndBakeTests;
			sourceTree = "<group>";
		};
		BC60CE4A1CD2AB57007FF4F2 /* ShakeAndBakeUITests */ = {
			isa = PBXGroup;
			children = (
				BC60CE4B1CD2AB57007FF4F2 /* ShakeAndBakeUITests.swift */,
				BC60CE4D1CD2AB57007FF4F2 /* Info.plist */,
			);
			path = ShakeAndBakeUITests;
			sourceTree = "<group>";
		};
/* End PBXGroup section */

/* Begin PBXNativeTarget section */
		BC60CE271CD2AB56007FF4F2 /* ShakeAndBake */ = {
			isa = PBXNativeTarget;
			buildConfigurationList = BC60CE501CD2AB57007FF4F2 /* Build configuration list for PBXNativeTarget "ShakeAndBake" */;
			buildPhases = (
				BC60CE241CD2AB56007FF4F2 /* Sources */,
				BC60CE251CD2AB56007FF4F2 /* Frameworks */,
				BC60CE261CD2AB56007FF4F2 /* Resources */,
			);
			buildRules = (
			);
			dependencies = (
			);
			name = ShakeAndBake;
			productName = ShakeAndBake;
			productReference = BC60CE281CD2AB56007FF4F2 /* ShakeAndBake.app */;
			productType = "com.apple.product-type.application";
		};
		BC60CE3B1CD2AB57007FF4F2 /* ShakeAndBakeTests */ = {
			isa = PBXNativeTarget;
			buildConfigurationList = BC60CE531CD2AB57007FF4F2 /* Build configuration list for PBXNativeTarget "ShakeAndBakeTests" */;
			buildPhases = (
				BC60CE381CD2AB57007FF4F2 /* Sources */,
				BC60CE391CD2AB57007FF4F2 /* Frameworks */,
				BC60CE3A1CD2AB57007FF4F2 /* Resources */,
			);
			buildRules = (
			);
			dependencies = (
				BC60CE3E1CD2AB57007FF4F2 /* PBXTargetDependency */,
			);
			name = ShakeAndBakeTests;
			productName = ShakeAndBakeTests;
			productReference = BC60CE3C1CD2AB57007FF4F2 /* ShakeAndBakeTests.xctest */;
			productType = "com.apple.product-type.bundle.unit-test";
		};
		BC60CE461CD2AB57007FF4F2 /* ShakeAndBakeUITests */ = {
			isa = PBXNativeTarget;
			buildConfigurationList = BC60CE561CD2AB57007FF4F2 /* Build configuration list for PBXNativeTarget "ShakeAndBakeUITests" */;
			buildPhases = (
				BC60CE431CD2AB57007FF4F2 /* Sources */,
				BC60CE441CD2AB57007FF4F2 /* Frameworks */,
				BC60CE451CD2AB57007FF4F2 /* Resources */,
			);
			buildRules = (
			);
			dependencies = (
				BC60CE491CD2AB57007FF4F2 /* PBXTargetDependency */,
			);
			name = ShakeAndBakeUITests;
			productName = ShakeAndBakeUITests;
			productReference = BC60CE471CD2AB57007FF4F2 /* ShakeAndBakeUITests.xctest */;
			productType = "com.apple.product-type.bundle.ui-testing";
		};
/* End PBXNativeTarget section */

/* Begin PBXProject section */
		BC60CE201CD2AB56007FF4F2 /* Project object */ = {
			isa = PBXProject;
			attributes = {
				LastSwiftUpdateCheck = 0720;
				LastUpgradeCheck = 0720;
				ORGANIZATIONNAME = "Steve D'Amico";
				TargetAttributes = {
					BC60CE271CD2AB56007FF4F2 = {
						CreatedOnToolsVersion = 7.2.1;
					};
					BC60CE3B1CD2AB57007FF4F2 = {
						CreatedOnToolsVersion = 7.2.1;
						TestTargetID = BC60CE271CD2AB56007FF4F2;
					};
					BC60CE461CD2AB57007FF4F2 = {
						CreatedOnToolsVersion = 7.2.1;
						TestTargetID = BC60CE271CD2AB56007FF4F2;
					};
				};
			};
			buildConfigurationList = BC60CE231CD2AB56007FF4F2 /* Build configuration list for PBXProject "ShakeAndBake" */;
			compatibilityVersion = "Xcode 3.2";
			developmentRegion = English;
			hasScannedForEncodings = 0;
			knownRegions = (
				en,
				Base,
			);
			mainGroup = BC60CE1F1CD2AB56007FF4F2;
			productRefGroup = BC60CE291CD2AB56007FF4F2 /* Products */;
			projectDirPath = "";
			projectRoot = "";
			targets = (
				BC60CE271CD2AB56007FF4F2 /* ShakeAndBake */,
				BC60CE3B1CD2AB57007FF4F2 /* ShakeAndBakeTests */,
				BC60CE461CD2AB57007FF4F2 /* ShakeAndBakeUITests */,
			);
		};
/* End PBXProject section */

/* Begin PBXResourcesBuildPhase section */
		BC60CE261CD2AB56007FF4F2 /* Resources */ = {
			isa = PBXResourcesBuildPhase;
			buildActionMask = 2147483647;
			files = (
				BC60CE361CD2AB56007FF4F2 /* LaunchScreen.storyboard in Resources */,
				BC60CE331CD2AB56007FF4F2 /* Assets.xcassets in Resources */,
				BC60CE311CD2AB56007FF4F2 /* Main.storyboard in Resources */,
				BC60CE5A1CD2C710007FF4F2 /* glass.wav in Resources */,
			);
			runOnlyForDeploymentPostprocessing = 0;
		};
		BC60CE3A1CD2AB57007FF4F2 /* Resources */ = {
			isa = PBXResourcesBuildPhase;
			buildActionMask = 2147483647;
			files = (
			);
			runOnlyForDeploymentPostprocessing = 0;
		};
		BC60CE451CD2AB57007FF4F2 /* Resources */ = {
			isa = PBXResourcesBuildPhase;
			buildActionMask = 2147483647;
			files = (
			);
			runOnlyForDeploymentPostprocessing = 0;
		};
/* End PBXResourcesBuildPhase section */

/* Begin PBXSourcesBuildPhase section */
		BC60CE241CD2AB56007FF4F2 /* Sources */ = {
			isa = PBXSourcesBuildPhase;
			buildActionMask = 2147483647;
			files = (
				BC60CE2E1CD2AB56007FF4F2 /* ViewController.swift in Sources */,
				BC60CE2C1CD2AB56007FF4F2 /* AppDelegate.swift in Sources */,
			);
			runOnlyForDeploymentPostprocessing = 0;
		};
		BC60CE381CD2AB57007FF4F2 /* Sources */ = {
			isa = PBXSourcesBuildPhase;
			buildActionMask = 2147483647;
			files = (
				BC60CE411CD2AB57007FF4F2 /* ShakeAndBakeTests.swift in Sources */,
			);
			runOnlyForDeploymentPostprocessing = 0;
		};
		BC60CE431CD2AB57007FF4F2 /* Sources */ = {
			isa = PBXSourcesBuildPhase;
			buildActionMask = 2147483647;
			files = (
				BC60CE4C1CD2AB57007FF4F2 /* ShakeAndBakeUITests.swift in Sources */,
			);
			runOnlyForDeploymentPostprocessing = 0;
		};
/* End PBXSourcesBuildPhase section */

/* Begin PBXTargetDependency section */
		BC60CE3E1CD2AB57007FF4F2 /* PBXTargetDependency */ = {
			isa = PBXTargetDependency;
			target = BC60CE271CD2AB56007FF4F2 /* ShakeAndBake */;
			targetProxy = BC60CE3D1CD2AB57007FF4F2 /* PBXContainerItemProxy */;
		};
		BC60CE491CD2AB57007FF4F2 /* PBXTargetDependency */ = {
			isa = PBXTargetDependency;
			target = BC60CE271CD2AB56007FF4F2 /* ShakeAndBake */;
			targetProxy = BC60CE481CD2AB57007FF4F2 /* PBXContainerItemProxy */;
		};
/* End PBXTargetDependency section */

/* Begin PBXVariantGroup section */
		BC60CE2F1CD2AB56007FF4F2 /* Main.storyboard */ = {
			isa = PBXVariantGroup;
			children = (
				BC60CE301CD2AB56007FF4F2 /* Base */,
			);
			name = Main.storyboard;
			sourceTree = "<group>";
		};
		BC60CE341CD2AB56007FF4F2 /* LaunchScreen.storyboard */ = {
			isa = PBXVariantGroup;
			children = (
				BC60CE351CD2AB56007FF4F2 /* Base */,
			);
			name = LaunchScreen.storyboard;
			sourceTree = "<group>";
		};
/* End PBXVariantGroup section */

/* Begin XCBuildConfiguration section */
		BC60CE4E1CD2AB57007FF4F2 /* Debug */ = {
			isa = XCBuildConfiguration;
			buildSettings = {
				ALWAYS_SEARCH_USER_PATHS = NO;
				CLANG_CXX_LANGUAGE_STANDARD = "gnu++0x";
				CLANG_CXX_LIBRARY = "libc++";
				CLANG_ENABLE_MODULES = YES;
				CLANG_ENABLE_OBJC_ARC = YES;
				CLANG_WARN_BOOL_CONVERSION = YES;
				CLANG_WARN_CONSTANT_CONVERSION = YES;
				CLANG_WARN_DIRECT_OBJC_ISA_USAGE = YES_ERROR;
				CLANG_WARN_EMPTY_BODY = YES;
				CLANG_WARN_ENUM_CONVERSION = YES;
				CLANG_WARN_INT_CONVERSION = YES;
				CLANG_WARN_OBJC_ROOT_CLASS = YES_ERROR;
				CLANG_WARN_UNREACHABLE_CODE = YES;
				CLANG_WARN__DUPLICATE_METHOD_MATCH = YES;
				"CODE_SIGN_IDENTITY[sdk=iphoneos*]" = "iPhone Developer";
				COPY_PHASE_STRIP = NO;
				DEBUG_INFORMATION_FORMAT = dwarf;
				ENABLE_STRICT_OBJC_MSGSEND = YES;
				ENABLE_TESTABILITY = YES;
				GCC_C_LANGUAGE_STANDARD = gnu99;
				GCC_DYNAMIC_NO_PIC = NO;
				GCC_NO_COMMON_BLOCKS = YES;
				GCC_OPTIMIZATION_LEVEL = 0;
				GCC_PREPROCESSOR_DEFINITIONS = (
					"DEBUG=1",
					"$(inherited)",
				);
				GCC_WARN_64_TO_32_BIT_CONVERSION = YES;
				GCC_WARN_ABOUT_RETURN_TYPE = YES_ERROR;
				GCC_WARN_UNDECLARED_SELECTOR = YES;
				GCC_WARN_UNINITIALIZED_AUTOS = YES_AGGRESSIVE;
				GCC_WARN_UNUSED_FUNCTION = YES;
				GCC_WARN_UNUSED_VARIABLE = YES;
				IPHONEOS_DEPLOYMENT_TARGET = 9.2;
				MTL_ENABLE_DEBUG_INFO = YES;
				ONLY_ACTIVE_ARCH = YES;
				SDKROOT = iphoneos;
				SWIFT_OPTIMIZATION_LEVEL = "-Onone";
				TARGETED_DEVICE_FAMILY = "1,2";
			};
			name = Debug;
		};
		BC60CE4F1CD2AB57007FF4F2 /* Release */ = {
			isa = XCBuildConfiguration;
			buildSettings = {
				ALWAYS_SEARCH_USER_PATHS = NO;
				CLANG_CXX_LANGUAGE_STANDARD = "gnu++0x";
				CLANG_CXX_LIBRARY = "libc++";
				CLANG_ENABLE_MODULES = YES;
				CLANG_ENABLE_OBJC_ARC = YES;
				CLANG_WARN_BOOL_CONVERSION = YES;
				CLANG_WARN_CONSTANT_CONVERSION = YES;
				CLANG_WARN_DIRECT_OBJC_ISA_USAGE = YES_ERROR;
				CLANG_WARN_EMPTY_BODY = YES;
				CLANG_WARN_ENUM_CONVERSION = YES;
				CLANG_WARN_INT_CONVERSION = YES;
				CLANG_WARN_OBJC_ROOT_CLASS = YES_ERROR;
				CLANG_WARN_UNREACHABLE_CODE = YES;
				CLANG_WARN__DUPLICATE_METHOD_MATCH = YES;
				"CODE_SIGN_IDENTITY[sdk=iphoneos*]" = "iPhone Developer";
				COPY_PHASE_STRIP = NO;
				DEBUG_INFORMATION_FORMAT = "dwarf-with-dsym";
				ENABLE_NS_ASSERTIONS = NO;
				ENABLE_STRICT_OBJC_MSGSEND = YES;
				GCC_C_LANGUAGE_STANDARD = gnu99;
				GCC_NO_COMMON_BLOCKS = YES;
				GCC_WARN_64_TO_32_BIT_CONVERSION = YES;
				GCC_WARN_ABOUT_RETURN_TYPE = YES_ERROR;
				GCC_WARN_UNDECLARED_SELECTOR = YES;
				GCC_WARN_UNINITIALIZED_AUTOS = YES_AGGRESSIVE;
				GCC_WARN_UNUSED_FUNCTION = YES;
				GCC_WARN_UNUSED_VARIABLE = YES;
				IPHONEOS_DEPLOYMENT_TARGET = 9.2;
				MTL_ENABLE_DEBUG_INFO = NO;
				SDKROOT = iphoneos;
				TARGETED_DEVICE_FAMILY = "1,2";
				VALIDATE_PRODUCT = YES;
			};
			name = Release;
		};
		BC60CE511CD2AB57007FF4F2 /* Debug */ = {
			isa = XCBuildConfiguration;
			buildSettings = {
				ASSETCATALOG_COMPILER_APPICON_NAME = AppIcon;
				INFOPLIST_FILE = ShakeAndBake/Info.plist;
				LD_RUNPATH_SEARCH_PATHS = "$(inherited) @executable_path/Frameworks";
				PRODUCT_BUNDLE_IDENTIFIER = com.CTMI.ShakeAndBake;
				PRODUCT_NAME = "$(TARGET_NAME)";
			};
			name = Debug;
		};
		BC60CE521CD2AB57007FF4F2 /* Release */ = {
			isa = XCBuildConfiguration;
			buildSettings = {
				ASSETCATALOG_COMPILER_APPICON_NAME = AppIcon;
				INFOPLIST_FILE = ShakeAndBake/Info.plist;
				LD_RUNPATH_SEARCH_PATHS = "$(inherited) @executable_path/Frameworks";
				PRODUCT_BUNDLE_IDENTIFIER = com.CTMI.ShakeAndBake;
				PRODUCT_NAME = "$(TARGET_NAME)";
			};
			name = Release;
		};
		BC60CE541CD2AB57007FF4F2 /* Debug */ = {
			isa = XCBuildConfiguration;
			buildSettings = {
				BUNDLE_LOADER = "$(TEST_HOST)";
				INFOPLIST_FILE = ShakeAndBakeTests/Info.plist;
				LD_RUNPATH_SEARCH_PATHS = "$(inherited) @executable_path/Frameworks @loader_path/Frameworks";
				PRODUCT_BUNDLE_IDENTIFIER = com.CTMI.ShakeAndBakeTests;
				PRODUCT_NAME = "$(TARGET_NAME)";
				TEST_HOST = "$(BUILT_PRODUCTS_DIR)/ShakeAndBake.app/ShakeAndBake";
			};
			name = Debug;
		};
		BC60CE551CD2AB57007FF4F2 /* Release */ = {
			isa = XCBuildConfiguration;
			buildSettings = {
				BUNDLE_LOADER = "$(TEST_HOST)";
				INFOPLIST_FILE = ShakeAndBakeTests/Info.plist;
				LD_RUNPATH_SEARCH_PATHS = "$(inherited) @executable_path/Frameworks @loader_path/Frameworks";
				PRODUCT_BUNDLE_IDENTIFIER = com.CTMI.ShakeAndBakeTests;
				PRODUCT_NAME = "$(TARGET_NAME)";
				TEST_HOST = "$(BUILT_PRODUCTS_DIR)/ShakeAndBake.app/ShakeAndBake";
			};
			name = Release;
		};
		BC60CE571CD2AB57007FF4F2 /* Debug */ = {
			isa = XCBuildConfiguration;
			buildSettings = {
				INFOPLIST_FILE = ShakeAndBakeUITests/Info.plist;
				LD_RUNPATH_SEARCH_PATHS = "$(inherited) @executable_path/Frameworks @loader_path/Frameworks";
				PRODUCT_BUNDLE_IDENTIFIER = com.CTMI.ShakeAndBakeUITests;
				PRODUCT_NAME = "$(TARGET_NAME)";
				TEST_TARGET_NAME = ShakeAndBake;
				USES_XCTRUNNER = YES;
			};
			name = Debug;
		};
		BC60CE581CD2AB57007FF4F2 /* Release */ = {
			isa = XCBuildConfiguration;
			buildSettings = {
				INFOPLIST_FILE = ShakeAndBakeUITests/Info.plist;
				LD_RUNPATH_SEARCH_PATHS = "$(inherited) @executable_path/Frameworks @loader_path/Frameworks";
				PRODUCT_BUNDLE_IDENTIFIER = com.CTMI.ShakeAndBakeUITests;
				PRODUCT_NAME = "$(TARGET_NAME)";
				TEST_TARGET_NAME = ShakeAndBake;
				USES_XCTRUNNER = YES;
			};
			name = Release;
		};
/* End XCBuildConfiguration section */

/* Begin XCConfigurationList section */
		BC60CE231CD2AB56007FF4F2 /* Build configuration list for PBXProject "ShakeAndBake" */ = {
			isa = XCConfigurationList;
			buildConfigurations = (
				BC60CE4E1CD2AB57007FF4F2 /* Debug */,
				BC60CE4F1CD2AB57007FF4F2 /* Release */,
			);
			defaultConfigurationIsVisible = 0;
			defaultConfigurationName = Release;
		};
		BC60CE501CD2AB57007FF4F2 /* Build configuration list for PBXNativeTarget "ShakeAndBake" */ = {
			isa = XCConfigurationList;
			buildConfigurations = (
				BC60CE511CD2AB57007FF4F2 /* Debug */,
				BC60CE521CD2AB57007FF4F2 /* Release */,
			);
			defaultConfigurationIsVisible = 0;
			defaultConfigurationName = Release;
		};
		BC60CE531CD2AB57007FF4F2 /* Build configuration list for PBXNativeTarget "ShakeAndBakeTests" */ = {
			isa = XCConfigurationList;
			buildConfigurations = (
				BC60CE541CD2AB57007FF4F2 /* Debug */,
				BC60CE551CD2AB57007FF4F2 /* Release */,
			);
			defaultConfigurationIsVisible = 0;
			defaultConfigurationName = Release;
		};
		BC60CE561CD2AB57007FF4F2 /* Build configuration list for PBXNativeTarget "ShakeAndBakeUITests" */ = {
			isa = XCConfigurationList;
			buildConfigurations = (
				BC60CE571CD2AB57007FF4F2 /* Debug */,
				BC60CE581CD2AB57007FF4F2 /* Release */,
			);
			defaultConfigurationIsVisible = 0;
			defaultConfigurationName = Release;
		};
/* End XCConfigurationList section */
	};
	rootObject = BC60CE201CD2AB56007FF4F2 /* Project object */;
}
